
Microsoft Visual Studio Solution File, Format Version 12.00
# Visual Studio Version 17
VisualStudioVersion = 17.2.32602.215
MinimumVisualStudioVersion = 10.0.40219.1
Project("{9A19103F-16F7-4668-BE54-9A1E7A4F7556}") = "COM3D2_WildParty", "COM3D2_WildParty\COM3D2_WildParty.csproj", "{6720AC39-21D8-44EB-B613-2F70985501CD}"
EndProject
Global
	GlobalSection(SolutionConfigurationPlatforms) = preSolution
		Release|Any CPU = Release|Any CPU
		V2 Debug|Any CPU = V2 Debug|Any CPU
		V2.5 Debug|Any CPU = V2.5 Debug|Any CPU
	EndGlobalSection
	GlobalSection(ProjectConfigurationPlatforms) = postSolution
		{6720AC39-21D8-44EB-B613-2F70985501CD}.Release|Any CPU.ActiveCfg = Release|Any CPU
		{6720AC39-21D8-44EB-B613-2F70985501CD}.Release|Any CPU.Build.0 = Release|Any CPU
		{6720AC39-21D8-44EB-B613-2F70985501CD}.V2 Debug|Any CPU.ActiveCfg = COM3D2_2-DEBUG|Any CPU
		{6720AC39-21D8-44EB-B613-2F70985501CD}.V2 Debug|Any CPU.Build.0 = COM3D2_2-DEBUG|Any CPU
		{6720AC39-21D8-44EB-B613-2F70985501CD}.V2.5 Debug|Any CPU.ActiveCfg = COM3D25-Debug|Any CPU
		{6720AC39-21D8-44EB-B613-2F70985501CD}.V2.5 Debug|Any CPU.Build.0 = COM3D25-Debug|Any CPU
	EndGlobalSection
	GlobalSection(SolutionProperties) = preSolution
		HideSolutionNode = FALSE
	EndGlobalSection
	GlobalSection(ExtensibilityGlobals) = postSolution
		SolutionGuid = {35B275B0-9D9E-4E85-8804-5D03F4DDFDB9}
	EndGlobalSection
EndGlobal
